// !$*UTF8*$!
{
	archiveVersion = 1;
	classes = {
	};
	objectVersion = 46;
	objects = {

/* Begin PBXBuildFile section */
		041865FE180207DE00112A6D /* Foundation.framework in Frameworks */ = {isa = PBXBuildFile; fileRef = 041865FD180207DE00112A6D /* Foundation.framework */; };
		04186600180207DE00112A6D /* CoreGraphics.framework in Frameworks */ = {isa = PBXBuildFile; fileRef = 041865FF180207DE00112A6D /* CoreGraphics.framework */; };
		04186602180207DE00112A6D /* UIKit.framework in Frameworks */ = {isa = PBXBuildFile; fileRef = 04186601180207DE00112A6D /* UIKit.framework */; };
		04186608180207DE00112A6D /* InfoPlist.strings in Resources */ = {isa = PBXBuildFile; fileRef = 04186606180207DE00112A6D /* InfoPlist.strings */; };
		0418660A180207DE00112A6D /* main.m in Sources */ = {isa = PBXBuildFile; fileRef = 04186609180207DE00112A6D /* main.m */; };
		0418660E180207DE00112A6D /* AppDelegate.m in Sources */ = {isa = PBXBuildFile; fileRef = 0418660D180207DE00112A6D /* AppDelegate.m */; };
		04186611180207DE00112A6D /* Main.storyboard in Resources */ = {isa = PBXBuildFile; fileRef = 0418660F180207DE00112A6D /* Main.storyboard */; };
		04186614180207DE00112A6D /* MasterViewController.m in Sources */ = {isa = PBXBuildFile; fileRef = 04186613180207DE00112A6D /* MasterViewController.m */; };
		04186617180207DE00112A6D /* DetailViewController.m in Sources */ = {isa = PBXBuildFile; fileRef = 04186616180207DE00112A6D /* DetailViewController.m */; };
		04186619180207DE00112A6D /* Images.xcassets in Resources */ = {isa = PBXBuildFile; fileRef = 04186618180207DE00112A6D /* Images.xcassets */; };
		04186620180207DE00112A6D /* XCTest.framework in Frameworks */ = {isa = PBXBuildFile; fileRef = 0418661F180207DE00112A6D /* XCTest.framework */; };
		04186621180207DE00112A6D /* Foundation.framework in Frameworks */ = {isa = PBXBuildFile; fileRef = 041865FD180207DE00112A6D /* Foundation.framework */; };
		04186622180207DE00112A6D /* UIKit.framework in Frameworks */ = {isa = PBXBuildFile; fileRef = 04186601180207DE00112A6D /* UIKit.framework */; };
		0418662A180207DE00112A6D /* InfoPlist.strings in Resources */ = {isa = PBXBuildFile; fileRef = 04186628180207DE00112A6D /* InfoPlist.strings */; };
		0418662C180207DE00112A6D /* todoappTests.m in Sources */ = {isa = PBXBuildFile; fileRef = 0418662B180207DE00112A6D /* todoappTests.m */; };
		0418663718020FDA00112A6D /* TodoItem.m in Sources */ = {isa = PBXBuildFile; fileRef = 0418663618020FDA00112A6D /* TodoItem.m */; };
/* End PBXBuildFile section */

/* Begin PBXContainerItemProxy section */
		04186623180207DE00112A6D /* PBXContainerItemProxy */ = {
			isa = PBXContainerItemProxy;
			containerPortal = 041865F2180207DE00112A6D /* Project object */;
			proxyType = 1;
			remoteGlobalIDString = 041865F9180207DE00112A6D;
			remoteInfo = todoapp;
		};
/* End PBXContainerItemProxy section */

/* Begin PBXFileReference section */
		041865FA180207DE00112A6D /* todoapp.app */ = {isa = PBXFileReference; explicitFileType = wrapper.application; includeInIndex = 0; path = todoapp.app; sourceTree = BUILT_PRODUCTS_DIR; };
		041865FD180207DE00112A6D /* Foundation.framework */ = {isa = PBXFileReference; lastKnownFileType = wrapper.framework; name = Foundation.framework; path = System/Library/Frameworks/Foundation.framework; sourceTree = SDKROOT; };
		041865FF180207DE00112A6D /* CoreGraphics.framework */ = {isa = PBXFileReference; lastKnownFileType = wrapper.framework; name = CoreGraphics.framework; path = System/Library/Frameworks/CoreGraphics.framework; sourceTree = SDKROOT; };
		04186601180207DE00112A6D /* UIKit.framework */ = {isa = PBXFileReference; lastKnownFileType = wrapper.framework; name = UIKit.framework; path = System/Library/Frameworks/UIKit.framework; sourceTree = SDKROOT; };
		04186605180207DE00112A6D /* todoapp-Info.plist */ = {isa = PBXFileReference; lastKnownFileType = text.plist.xml; path = "todoapp-Info.plist"; sourceTree = "<group>"; };
		04186607180207DE00112A6D /* en */ = {isa = PBXFileReference; lastKnownFileType = text.plist.strings; name = en; path = en.lproj/InfoPlist.strings; sourceTree = "<group>"; };
		04186609180207DE00112A6D /* main.m */ = {isa = PBXFileReference; lastKnownFileType = sourcecode.c.objc; path = main.m; sourceTree = "<group>"; };
		0418660B180207DE00112A6D /* todoapp-Prefix.pch */ = {isa = PBXFileReference; lastKnownFileType = sourcecode.c.h; path = "todoapp-Prefix.pch"; sourceTree = "<group>"; };
		0418660C180207DE00112A6D /* AppDelegate.h */ = {isa = PBXFileReference; lastKnownFileType = sourcecode.c.h; path = AppDelegate.h; sourceTree = "<group>"; };
		0418660D180207DE00112A6D /* AppDelegate.m */ = {isa = PBXFileReference; lastKnownFileType = sourcecode.c.objc; path = AppDelegate.m; sourceTree = "<group>"; };
		04186610180207DE00112A6D /* Base */ = {isa = PBXFileReference; lastKnownFileType = file.storyboard; name = Base; path = Base.lproj/Main.storyboard; sourceTree = "<group>"; };
		04186612180207DE00112A6D /* MasterViewController.h */ = {isa = PBXFileReference; lastKnownFileType = sourcecode.c.h; path = MasterViewController.h; sourceTree = "<group>"; };
		04186613180207DE00112A6D /* MasterViewController.m */ = {isa = PBXFileReference; lastKnownFileType = sourcecode.c.objc; path = MasterViewController.m; sourceTree = "<group>"; };
		04186615180207DE00112A6D /* DetailViewController.h */ = {isa = PBXFileReference; lastKnownFileType = sourcecode.c.h; path = DetailViewController.h; sourceTree = "<group>"; };
		04186616180207DE00112A6D /* DetailViewController.m */ = {isa = PBXFileReference; lastKnownFileType = sourcecode.c.objc; path = DetailViewController.m; sourceTree = "<group>"; };
		04186618180207DE00112A6D /* Images.xcassets */ = {isa = PBXFileReference; lastKnownFileType = folder.assetcatalog; path = Images.xcassets; sourceTree = "<group>"; };
		0418661E180207DE00112A6D /* todoappTests.xctest */ = {isa = PBXFileReference; explicitFileType = wrapper.cfbundle; includeInIndex = 0; path = todoappTests.xctest; sourceTree = BUILT_PRODUCTS_DIR; };
		0418661F180207DE00112A6D /* XCTest.framework */ = {isa = PBXFileReference; lastKnownFileType = wrapper.framework; name = XCTest.framework; path = Library/Frameworks/XCTest.framework; sourceTree = DEVELOPER_DIR; };
		04186627180207DE00112A6D /* todoappTests-Info.plist */ = {isa = PBXFileReference; lastKnownFileType = text.plist.xml; path = "todoappTests-Info.plist"; sourceTree = "<group>"; };
		04186629180207DE00112A6D /* en */ = {isa = PBXFileReference; lastKnownFileType = text.plist.strings; name = en; path = en.lproj/InfoPlist.strings; sourceTree = "<group>"; };
		0418662B180207DE00112A6D /* todoappTests.m */ = {isa = PBXFileReference; lastKnownFileType = sourcecode.c.objc; path = todoappTests.m; sourceTree = "<group>"; };
		0418663518020FDA00112A6D /* TodoItem.h */ = {isa = PBXFileReference; fileEncoding = 4; lastKnownFileType = sourcecode.c.h; path = TodoItem.h; sourceTree = "<group>"; };
		0418663618020FDA00112A6D /* TodoItem.m */ = {isa = PBXFileReference; fileEncoding = 4; lastKnownFileType = sourcecode.c.objc; path = TodoItem.m; sourceTree = "<group>"; };
/* End PBXFileReference section */

/* Begin PBXFrameworksBuildPhase section */
		041865F7180207DE00112A6D /* Frameworks */ = {
			isa = PBXFrameworksBuildPhase;
			buildActionMask = 2147483647;
			files = (
				04186600180207DE00112A6D /* CoreGraphics.framework in Frameworks */,
				04186602180207DE00112A6D /* UIKit.framework in Frameworks */,
				041865FE180207DE00112A6D /* Foundation.framework in Frameworks */,
			);
			runOnlyForDeploymentPostprocessing = 0;
		};
		0418661B180207DE00112A6D /* Frameworks */ = {
			isa = PBXFrameworksBuildPhase;
			buildActionMask = 2147483647;
			files = (
				04186620180207DE00112A6D /* XCTest.framework in Frameworks */,
				04186622180207DE00112A6D /* UIKit.framework in Frameworks */,
				04186621180207DE00112A6D /* Foundation.framework in Frameworks */,
			);
			runOnlyForDeploymentPostprocessing = 0;
		};
/* End PBXFrameworksBuildPhase section */

/* Begin PBXGroup section */
		041865F1180207DE00112A6D = {
			isa = PBXGroup;
			children = (
				04186603180207DE00112A6D /* todoapp */,
				04186625180207DE00112A6D /* todoappTests */,
				041865FC180207DE00112A6D /* Frameworks */,
				041865FB180207DE00112A6D /* Products */,
			);
			sourceTree = "<group>";
		};
		041865FB180207DE00112A6D /* Products */ = {
			isa = PBXGroup;
			children = (
				041865FA180207DE00112A6D /* todoapp.app */,
				0418661E180207DE00112A6D /* todoappTests.xctest */,
			);
			name = Products;
			sourceTree = "<group>";
		};
		041865FC180207DE00112A6D /* Frameworks */ = {
			isa = PBXGroup;
			children = (
				041865FD180207DE00112A6D /* Foundation.framework */,
				041865FF180207DE00112A6D /* CoreGraphics.framework */,
				04186601180207DE00112A6D /* UIKit.framework */,
				0418661F180207DE00112A6D /* XCTest.framework */,
			);
			name = Frameworks;
			sourceTree = "<group>";
		};
		04186603180207DE00112A6D /* todoapp */ = {
			isa = PBXGroup;
			children = (
				0418663818020FDE00112A6D /* Model */,
				0418660C180207DE00112A6D /* AppDelegate.h */,
				0418660D180207DE00112A6D /* AppDelegate.m */,
				0418660F180207DE00112A6D /* Main.storyboard */,
				04186612180207DE00112A6D /* MasterViewController.h */,
				04186613180207DE00112A6D /* MasterViewController.m */,
				04186615180207DE00112A6D /* DetailViewController.h */,
				04186616180207DE00112A6D /* DetailViewController.m */,
				04186618180207DE00112A6D /* Images.xcassets */,
				04186604180207DE00112A6D /* Supporting Files */,
			);
			path = todoapp;
			sourceTree = "<group>";
		};
		04186604180207DE00112A6D /* Supporting Files */ = {
			isa = PBXGroup;
			children = (
				04186605180207DE00112A6D /* todoapp-Info.plist */,
				04186606180207DE00112A6D /* InfoPlist.strings */,
				04186609180207DE00112A6D /* main.m */,
				0418660B180207DE00112A6D /* todoapp-Prefix.pch */,
			);
			name = "Supporting Files";
			sourceTree = "<group>";
		};
		04186625180207DE00112A6D /* todoappTests */ = {
			isa = PBXGroup;
			children = (
				0418662B180207DE00112A6D /* todoappTests.m */,
				04186626180207DE00112A6D /* Supporting Files */,
			);
			path = todoappTests;
			sourceTree = "<group>";
		};
		04186626180207DE00112A6D /* Supporting Files */ = {
			isa = PBXGroup;
			children = (
				04186627180207DE00112A6D /* todoappTests-Info.plist */,
				04186628180207DE00112A6D /* InfoPlist.strings */,
			);
			name = "Supporting Files";
			sourceTree = "<group>";
		};
		0418663818020FDE00112A6D /* Model */ = {
			isa = PBXGroup;
			children = (
				0418663518020FDA00112A6D /* TodoItem.h */,
				0418663618020FDA00112A6D /* TodoItem.m */,
			);
			name = Model;
			sourceTree = "<group>";
		};
/* End PBXGroup section */

/* Begin PBXNativeTarget section */
		041865F9180207DE00112A6D /* todoapp */ = {
			isa = PBXNativeTarget;
			buildConfigurationList = 0418662F180207DE00112A6D /* Build configuration list for PBXNativeTarget "todoapp" */;
			buildPhases = (
				041865F6180207DE00112A6D /* Sources */,
				041865F7180207DE00112A6D /* Frameworks */,
				041865F8180207DE00112A6D /* Resources */,
			);
			buildRules = (
			);
			dependencies = (
			);
			name = todoapp;
			productName = todoapp;
			productReference = 041865FA180207DE00112A6D /* todoapp.app */;
			productType = "com.apple.product-type.application";
		};
		0418661D180207DE00112A6D /* todoappTests */ = {
			isa = PBXNativeTarget;
			buildConfigurationList = 04186632180207DE00112A6D /* Build configuration list for PBXNativeTarget "todoappTests" */;
			buildPhases = (
				0418661A180207DE00112A6D /* Sources */,
				0418661B180207DE00112A6D /* Frameworks */,
				0418661C180207DE00112A6D /* Resources */,
			);
			buildRules = (
			);
			dependencies = (
				04186624180207DE00112A6D /* PBXTargetDependency */,
			);
			name = todoappTests;
			productName = todoappTests;
			productReference = 0418661E180207DE00112A6D /* todoappTests.xctest */;
			productType = "com.apple.product-type.bundle.unit-test";
		};
/* End PBXNativeTarget section */

/* Begin PBXProject section */
		041865F2180207DE00112A6D /* Project object */ = {
			isa = PBXProject;
			attributes = {
				LastUpgradeCheck = 0500;
				ORGANIZATIONNAME = "COMP 446";
				TargetAttributes = {
					041865F9180207DE00112A6D = {
						DevelopmentTeam = 426XA75MF6;
					};
					0418661D180207DE00112A6D = {
						TestTargetID = 041865F9180207DE00112A6D;
					};
				};
			};
			buildConfigurationList = 041865F5180207DE00112A6D /* Build configuration list for PBXProject "todoapp" */;
			compatibilityVersion = "Xcode 3.2";
			developmentRegion = English;
			hasScannedForEncodings = 0;
			knownRegions = (
				en,
				Base,
			);
			mainGroup = 041865F1180207DE00112A6D;
			productRefGroup = 041865FB180207DE00112A6D /* Products */;
			projectDirPath = "";
			projectRoot = "";
			targets = (
				041865F9180207DE00112A6D /* todoapp */,
				0418661D180207DE00112A6D /* todoappTests */,
			);
		};
/* End PBXProject section */

/* Begin PBXResourcesBuildPhase section */
		041865F8180207DE00112A6D /* Resources */ = {
			isa = PBXResourcesBuildPhase;
			buildActionMask = 2147483647;
			files = (
				04186619180207DE00112A6D /* Images.xcassets in Resources */,
				04186608180207DE00112A6D /* InfoPlist.strings in Resources */,
				04186611180207DE00112A6D /* Main.storyboard in Resources */,
			);
			runOnlyForDeploymentPostprocessing = 0;
		};
		0418661C180207DE00112A6D /* Resources */ = {
			isa = PBXResourcesBuildPhase;
			buildActionMask = 2147483647;
			files = (
				0418662A180207DE00112A6D /* InfoPlist.strings in Resources */,
			);
			runOnlyForDeploymentPostprocessing = 0;
		};
/* End PBXResourcesBuildPhase section */

/* Begin PBXSourcesBuildPhase section */
		041865F6180207DE00112A6D /* Sources */ = {
			isa = PBXSourcesBuildPhase;
			buildActionMask = 2147483647;
			files = (
				0418660E180207DE00112A6D /* AppDelegate.m in Sources */,
				04186614180207DE00112A6D /* MasterViewController.m in Sources */,
				0418660A180207DE00112A6D /* main.m in Sources */,
				04186617180207DE00112A6D /* DetailViewController.m in Sources */,
				0418663718020FDA00112A6D /* TodoItem.m in Sources */,
			);
			runOnlyForDeploymentPostprocessing = 0;
		};
		0418661A180207DE00112A6D /* Sources */ = {
			isa = PBXSourcesBuildPhase;
			buildActionMask = 2147483647;
			files = (
				0418662C180207DE00112A6D /* todoappTests.m in Sources */,
			);
			runOnlyForDeploymentPostprocessing = 0;
		};
/* End PBXSourcesBuildPhase section */

/* Begin PBXTargetDependency section */
		04186624180207DE00112A6D /* PBXTargetDependency */ = {
			isa = PBXTargetDependency;
			target = 041865F9180207DE00112A6D /* todoapp */;
			targetProxy = 04186623180207DE00112A6D /* PBXContainerItemProxy */;
		};
/* End PBXTargetDependency section */

/* Begin PBXVariantGroup section */
		04186606180207DE00112A6D /* InfoPlist.strings */ = {
			isa = PBXVariantGroup;
			children = (
				04186607180207DE00112A6D /* en */,
			);
			name = InfoPlist.strings;
			sourceTree = "<group>";
		};
		0418660F180207DE00112A6D /* Main.storyboard */ = {
			isa = PBXVariantGroup;
			children = (
				04186610180207DE00112A6D /* Base */,
			);
			name = Main.storyboard;
			sourceTree = "<group>";
		};
		04186628180207DE00112A6D /* InfoPlist.strings */ = {
			isa = PBXVariantGroup;
			children = (
				04186629180207DE00112A6D /* en */,
			);
			name = InfoPlist.strings;
			sourceTree = "<group>";
		};
/* End PBXVariantGroup section */

/* Begin XCBuildConfiguration section */
		0418662D180207DE00112A6D /* Debug */ = {
			isa = XCBuildConfiguration;
			buildSettings = {
				ALWAYS_SEARCH_USER_PATHS = NO;
				ARCHS = "$(ARCHS_STANDARD_INCLUDING_64_BIT)";
				CLANG_CXX_LANGUAGE_STANDARD = "gnu++0x";
				CLANG_CXX_LIBRARY = "libc++";
				CLANG_ENABLE_MODULES = YES;
				CLANG_ENABLE_OBJC_ARC = YES;
				CLANG_WARN_BOOL_CONVERSION = YES;
				CLANG_WARN_CONSTANT_CONVERSION = YES;
				CLANG_WARN_DIRECT_OBJC_ISA_USAGE = YES_ERROR;
				CLANG_WARN_EMPTY_BODY = YES;
				CLANG_WARN_ENUM_CONVERSION = YES;
				CLANG_WARN_INT_CONVERSION = YES;
				CLANG_WARN_OBJC_ROOT_CLASS = YES_ERROR;
				CLANG_WARN__DUPLICATE_METHOD_MATCH = YES;
				"CODE_SIGN_IDENTITY[sdk=iphoneos*]" = "iPhone Developer";
				COPY_PHASE_STRIP = NO;
				GCC_C_LANGUAGE_STANDARD = gnu99;
				GCC_DYNAMIC_NO_PIC = NO;
				GCC_OPTIMIZATION_LEVEL = 0;
				GCC_PREPROCESSOR_DEFINITIONS = (
					"DEBUG=1",
					"$(inherited)",
				);
				GCC_SYMBOLS_PRIVATE_EXTERN = NO;
				GCC_WARN_64_TO_32_BIT_CONVERSION = YES;
				GCC_WARN_ABOUT_RETURN_TYPE = YES_ERROR;
				GCC_WARN_UNDECLARED_SELECTOR = YES;
				GCC_WARN_UNINITIALIZED_AUTOS = YES;
				GCC_WARN_UNUSED_FUNCTION = YES;
				GCC_WARN_UNUSED_VARIABLE = YES;
				IPHONEOS_DEPLOYMENT_TARGET = 7.0;
				ONLY_ACTIVE_ARCH = YES;
				SDKROOT = iphoneos;
			};
			name = Debug;
		};
		0418662E180207DE00112A6D /* Release */ = {
			isa = XCBuildConfiguration;
			buildSettings = {
				ALWAYS_SEARCH_USER_PATHS = NO;
				ARCHS = "$(ARCHS_STANDARD_INCLUDING_64_BIT)";
				CLANG_CXX_LANGUAGE_STANDARD = "gnu++0x";
				CLANG_CXX_LIBRARY = "libc++";
				CLANG_ENABLE_MODULES = YES;
				CLANG_ENABLE_OBJC_ARC = YES;
				CLANG_WARN_BOOL_CONVERSION = YES;
				CLANG_WARN_CONSTANT_CONVERSION = YES;
				CLANG_WARN_DIRECT_OBJC_ISA_USAGE = YES_ERROR;
				CLANG_WARN_EMPTY_BODY = YES;
				CLANG_WARN_ENUM_CONVERSION = YES;
				CLANG_WARN_INT_CONVERSION = YES;
				CLANG_WARN_OBJC_ROOT_CLASS = YES_ERROR;
				CLANG_WARN__DUPLICATE_METHOD_MATCH = YES;
				"CODE_SIGN_IDENTITY[sdk=iphoneos*]" = "iPhone Developer";
				COPY_PHASE_STRIP = YES;
				ENABLE_NS_ASSERTIONS = NO;
				GCC_C_LANGUAGE_STANDARD = gnu99;
				GCC_WARN_64_TO_32_BIT_CONVERSION = YES;
				GCC_WARN_ABOUT_RETURN_TYPE = YES_ERROR;
				GCC_WARN_UNDECLARED_SELECTOR = YES;
				GCC_WARN_UNINITIALIZED_AUTOS = YES;
				GCC_WARN_UNUSED_FUNCTION = YES;
				GCC_WARN_UNUSED_VARIABLE = YES;
				IPHONEOS_DEPLOYMENT_TARGET = 7.0;
				SDKROOT = iphoneos;
				VALIDATE_PRODUCT = YES;
			};
			name = Release;
		};
		04186630180207DE00112A6D /* Debug */ = {
			isa = XCBuildConfiguration;
			buildSettings = {
				ASSETCATALOG_COMPILER_APPICON_NAME = AppIcon;
				ASSETCATALOG_COMPILER_LAUNCHIMAGE_NAME = LaunchImage;
				CODE_SIGN_IDENTITY = "iPhone Developer";
				"CODE_SIGN_IDENTITY[sdk=iphoneos*]" = "iPhone Developer";
				GCC_PRECOMPILE_PREFIX_HEADER = YES;
				GCC_PREFIX_HEADER = "todoapp/todoapp-Prefix.pch";
				INFOPLIST_FILE = "todoapp/todoapp-Info.plist";
				PRODUCT_NAME = "$(TARGET_NAME)";
				PROVISIONING_PROFILE = "";
				WRAPPER_EXTENSION = app;
			};
			name = Debug;
		};
		04186631180207DE00112A6D /* Release */ = {
			isa = XCBuildConfiguration;
			buildSettings = {
				ASSETCATALOG_COMPILER_APPICON_NAME = AppIcon;
				ASSETCATALOG_COMPILER_LAUNCHIMAGE_NAME = LaunchImage;
				CODE_SIGN_IDENTITY = "iPhone Developer";
				"CODE_SIGN_IDENTITY[sdk=iphoneos*]" = "iPhone Developer";
				GCC_PRECOMPILE_PREFIX_HEADER = YES;
				GCC_PREFIX_HEADER = "todoapp/todoapp-Prefix.pch";
				INFOPLIST_FILE = "todoapp/todoapp-Info.plist";
				PRODUCT_NAME = "$(TARGET_NAME)";
				PROVISIONING_PROFILE = "";
				WRAPPER_EXTENSION = app;
			};
			name = Release;
		};
		04186633180207DE00112A6D /* Debug */ = {
			isa = XCBuildConfiguration;
			buildSettings = {
				ARCHS = "$(ARCHS_STANDARD_INCLUDING_64_BIT)";
				BUNDLE_LOADER = "$(BUILT_PRODUCTS_DIR)/todoapp.app/todoapp";
				FRAMEWORK_SEARCH_PATHS = (
					"$(SDKROOT)/Developer/Library/Frameworks",
					"$(inherited)",
					"$(DEVELOPER_FRAMEWORKS_DIR)",
				);
				GCC_PRECOMPILE_PREFIX_HEADER = YES;
				GCC_PREFIX_HEADER = "todoapp/todoapp-Prefix.pch";
				GCC_PREPROCESSOR_DEFINITIONS = (
					"DEBUG=1",
					"$(inherited)",
				);
				INFOPLIST_FILE = "todoappTests/todoappTests-Info.plist";
				PRODUCT_NAME = "$(TARGET_NAME)";
				TEST_HOST = "$(BUNDLE_LOADER)";
				WRAPPER_EXTENSION = xctest;
			};
			name = Debug;
		};
		04186634180207DE00112A6D /* Release */ = {
			isa = XCBuildConfiguration;
			buildSettings = {
				ARCHS = "$(ARCHS_STANDARD_INCLUDING_64_BIT)";
				BUNDLE_LOADER = "$(BUILT_PRODUCTS_DIR)/todoapp.app/todoapp";
				FRAMEWORK_SEARCH_PATHS = (
					"$(SDKROOT)/Developer/Library/Frameworks",
					"$(inherited)",
					"$(DEVELOPER_FRAMEWORKS_DIR)",
				);
				GCC_PRECOMPILE_PREFIX_HEADER = YES;
				GCC_PREFIX_HEADER = "todoapp/todoapp-Prefix.pch";
				INFOPLIST_FILE = "todoappTests/todoappTests-Info.plist";
				PRODUCT_NAME = "$(TARGET_NAME)";
				TEST_HOST = "$(BUNDLE_LOADER)";
				WRAPPER_EXTENSION = xctest;
			};
			name = Release;
		};
/* End XCBuildConfiguration section */

/* Begin XCConfigurationList section */
		041865F5180207DE00112A6D /* Build configuration list for PBXProject "todoapp" */ = {
			isa = XCConfigurationList;
			buildConfigurations = (
				0418662D180207DE00112A6D /* Debug */,
				0418662E180207DE00112A6D /* Release */,
			);
			defaultConfigurationIsVisible = 0;
			defaultConfigurationName = Release;
		};
		0418662F180207DE00112A6D /* Build configuration list for PBXNativeTarget "todoapp" */ = {
			isa = XCConfigurationList;
			buildConfigurations = (
				04186630180207DE00112A6D /* Debug */,
				04186631180207DE00112A6D /* Release */,
			);
			defaultConfigurationIsVisible = 0;
			defaultConfigurationName = Release;
		};
		04186632180207DE00112A6D /* Build configuration list for PBXNativeTarget "todoappTests" */ = {
			isa = XCConfigurationList;
			buildConfigurations = (
				04186633180207DE00112A6D /* Debug */,
				04186634180207DE00112A6D /* Release */,
			);
			defaultConfigurationIsVisible = 0;
			defaultConfigurationName = Release;
		};
/* End XCConfigurationList section */
	};
	rootObject = 041865F2180207DE00112A6D /* Project object */;
}
